
Microsoft Visual Studio Solution File, Format Version 12.00
# Visual Studio Version 17
VisualStudioVersion = 17.11.35303.130
MinimumVisualStudioVersion = 10.0.40219.1
Project("{9A19103F-16F7-4668-BE54-9A1E7A4F7556}") = "Countries-Server", "Countries-Server\Countries-Server.csproj", "{B0B7303F-0097-465D-AC3D-D63A8590EBF8}"
EndProject
Project("{FAE04EC0-301F-11D3-BF4B-00C04F79EFBC}") = "CountryTestChallenge", "CountryTestChallenge\CountryTestChallenge.csproj", "{6D4C40D1-3875-43D7-8B27-0A3F3EA3F3FF}"
EndProject
Global
	GlobalSection(SolutionConfigurationPlatforms) = preSolution
		Debug|Any CPU = Debug|Any CPU
		Release|Any CPU = Release|Any CPU
	EndGlobalSection
	GlobalSection(ProjectConfigurationPlatforms) = postSolution
		{B0B7303F-0097-465D-AC3D-D63A8590EBF8}.Debug|Any CPU.ActiveCfg = Debug|Any CPU
		{B0B7303F-0097-465D-AC3D-D63A8590EBF8}.Debug|Any CPU.Build.0 = Debug|Any CPU
		{B0B7303F-0097-465D-AC3D-D63A8590EBF8}.Release|Any CPU.ActiveCfg = Release|Any CPU
		{B0B7303F-0097-465D-AC3D-D63A8590EBF8}.Release|Any CPU.Build.0 = Release|Any CPU
		{6D4C40D1-3875-43D7-8B27-0A3F3EA3F3FF}.Debug|Any CPU.ActiveCfg = Debug|Any CPU
		{6D4C40D1-3875-43D7-8B27-0A3F3EA3F3FF}.Debug|Any CPU.Build.0 = Debug|Any CPU
		{6D4C40D1-3875-43D7-8B27-0A3F3EA3F3FF}.Release|Any CPU.ActiveCfg = Release|Any CPU
		{6D4C40D1-3875-43D7-8B27-0A3F3EA3F3FF}.Release|Any CPU.Build.0 = Release|Any CPU
	EndGlobalSection
	GlobalSection(SolutionProperties) = preSolution
		HideSolutionNode = FALSE
	EndGlobalSection
	GlobalSection(ExtensibilityGlobals) = postSolution
		SolutionGuid = {69F637E0-9DFD-4B83-9A2D-38D05712C595}
	EndGlobalSection
EndGlobal
